// !$*UTF8*$!
{
	archiveVersion = 1;
	classes = {
	};
	objectVersion = 77;
	objects = {

/* Begin PBXBuildFile section */
		6F09B7BB2DEB873F00CDE89C /* ZIPFoundation in Frameworks */ = {isa = PBXBuildFile; productRef = 6F09B7BA2DEB873F00CDE89C /* ZIPFoundation */; };
		6F09BA332E00808300CDE89C /* Dynamic in Frameworks */ = {isa = PBXBuildFile; productRef = 6F09BA322E00808300CDE89C /* Dynamic */; };
		6FB105552E26D3EC00185A5C /* CachedAsyncImage in Frameworks */ = {isa = PBXBuildFile; productRef = 6FB105542E26D3EC00185A5C /* CachedAsyncImage */; };

		PP00000000000000000000AB /* PhysicsWallpaperExtension.appex in Embed Foundation Extensions */ = {isa = PBXBuildFile; fileRef = PP00000000000000000000A1 /* PhysicsWallpaperExtension.appex */; settings = {ATTRIBUTES = (RemoveHeadersOnCopy, ); }; };
/* End PBXBuildFile section */

/* Begin PBXContainerItemProxy section */
		PP00000000000000000000AD /* PBXContainerItemProxy */ = {
			isa = PBXContainerItemProxy;
			containerPortal = 6F09B7952DEB694B00CDE89C /* Project object */;
			proxyType = 1;
			remoteGlobalIDString = PP00000000000000000000A2;
			remoteInfo = PhysicsWallpaperExtension;
		};
/* End PBXContainerItemProxy section */

/* Begin PBXFileReference section */
		6F09B79D2DEB694B00CDE89C /* Pocket Poster.app */ = {isa = PBXFileReference; explicitFileType = wrapper.application; includeInIndex = 0; path = "Pocket Poster.app"; sourceTree = BUILT_PRODUCTS_DIR; };

		PP00000000000000000000A1 /* PhysicsWallpaperExtension.appex */ = {isa = PBXFileReference; explicitFileType = "wrapper.app-extension"; includeInIndex = 0; path = PhysicsWallpaperExtension.appex; sourceTree = BUILT_PRODUCTS_DIR; };
/* End PBXFileReference section */

/* Begin PBXFileSystemSynchronizedGroupBuildPhaseMembershipExceptionSet section */
		BQ0000012DEB694B00CDE89C /* Exceptions for "Pocket Poster" folder in "Compile Sources" phase from "Pocket Poster" target */ = {
			isa = PBXFileSystemSynchronizedGroupBuildPhaseMembershipExceptionSet;
			buildPhase = 6F09B7992DEB694B00CDE89C /* Sources */;
			membershipExceptions = (
				Exploit/bad_query.h,
				"Exploit/Pocket-Poster-Bridging-Header.h",
				"Exploit/xpc_crash.h",
			);
		};
/* End PBXFileSystemSynchronizedGroupBuildPhaseMembershipExceptionSet section */

/* Begin PBXFileSystemSynchronizedRootGroup section */
		6F09B79F2DEB694B00CDE89C /* Pocket Poster */ = {
			isa = PBXFileSystemSynchronizedRootGroup;
			exceptions = (
				BQ0000012DEB694B00CDE89C /* Exceptions for "Pocket Poster" folder in "Compile Sources" phase from "Pocket Poster" target */,
			);
			explicitFolders = (
				Resources/VideoCAML,
			);
			path = "Pocket Poster";
			sourceTree = "<group>";
		};

		PP00000000000000000000A3 /* PhysicsWallpaperExtension */ = {
			isa = PBXFileSystemSynchronizedRootGroup;
			path = PhysicsWallpaperExtension;
			sourceTree = "<group>";
		};
/* End PBXFileSystemSynchronizedRootGroup section */

/* Begin PBXCopyFilesBuildPhase section */
		PP00000000000000000000AA /* Embed Foundation Extensions */ = {
			isa = PBXCopyFilesBuildPhase;
			buildActionMask = 2147483647;
			dstPath = "";
			dstSubfolderSpec = 13;
			files = (
				PP00000000000000000000AB /* PhysicsWallpaperExtension.appex in Embed Foundation Extensions */,
			);
			name = "Embed Foundation Extensions";
			runOnlyForDeploymentPostprocessing = 0;
		};
/* End PBXCopyFilesBuildPhase section */

/* Begin PBXFrameworksBuildPhase section */
		6F09B79A2DEB694B00CDE89C /* Frameworks */ = {
			isa = PBXFrameworksBuildPhase;
			buildActionMask = 2147483647;
			files = (
				6FB105552E26D3EC00185A5C /* CachedAsyncImage in Frameworks */,
				6F09BA332E00808300CDE89C /* Dynamic in Frameworks */,
				6F09B7BB2DEB873F00CDE89C /* ZIPFoundation in Frameworks */,
			);
			runOnlyForDeploymentPostprocessing = 0;
		};
/* End PBXFrameworksBuildPhase section */
		PP00000000000000000000A4 /* Sources */ = {isa = PBXSourcesBuildPhase; buildActionMask = 2147483647; files = (); runOnlyForDeploymentPostprocessing = 0; };
		PP00000000000000000000A5 /* Frameworks */ = {isa = PBXFrameworksBuildPhase; buildActionMask = 2147483647; files = (); runOnlyForDeploymentPostprocessing = 0; };
		PP00000000000000000000A6 /* Resources */ = {isa = PBXResourcesBuildPhase; buildActionMask = 2147483647; files = (); runOnlyForDeploymentPostprocessing = 0; };

/* Begin PBXGroup section */
		6F09B7942DEB694B00CDE89C = {
			isa = PBXGroup;
			children = (
				6F09B79F2DEB694B00CDE89C /* Pocket Poster */,
				6F09B79E2DEB694B00CDE89C /* Products */,
			);
			sourceTree = "<group>";
		};
		6F09B79E2DEB694B00CDE89C /* Products */ = {
			isa = PBXGroup;
			children = (
				6F09B79D2DEB694B00CDE89C /* Pocket Poster.app */,
				PP00000000000000000000A1 /* PhysicsWallpaperExtension.appex */,
			);
			name = Products;
			sourceTree = "<group>";
		};
/* End PBXGroup section */

/* Begin PBXNativeTarget section */
		6F09B79C2DEB694B00CDE89C /* Pocket Poster */ = {
			isa = PBXNativeTarget;
			buildConfigurationList = 6F09B7AB2DEB694D00CDE89C /* Build configuration list for PBXNativeTarget "Pocket Poster" */;
			buildPhases = (
				6F09B7992DEB694B00CDE89C /* Sources */,
				6F09B79A2DEB694B00CDE89C /* Frameworks */,
				6F09B79B2DEB694B00CDE89C /* Resources */,
				PP00000000000000000000AA /* Embed Foundation Extensions */,
			);
			buildRules = (
			);
			dependencies = (
				PP00000000000000000000AC /* PhysicsWallpaperExtension */,
			);
			fileSystemSynchronizedGroups = (
				6F09B79F2DEB694B00CDE89C /* Pocket Poster */,
			);
			name = "Pocket Poster";
			packageProductDependencies = (
				6F09B7BA2DEB873F00CDE89C /* ZIPFoundation */,
				6F09BA322E00808300CDE89C /* Dynamic */,
				6FB105542E26D3EC00185A5C /* CachedAsyncImage */,
			);
			productName = "Pocket Poster";
			productReference = 6F09B79D2DEB694B00CDE89C /* Pocket Poster.app */;
			productType = "com.apple.product-type.application";
		};

		PP00000000000000000000A2 /* PhysicsWallpaperExtension */ = {
			isa = PBXNativeTarget;
			buildConfigurationList = PP00000000000000000000A9 /* Build configuration list for PBXNativeTarget "PhysicsWallpaperExtension" */;
			buildPhases = (
				PP00000000000000000000A4 /* Sources */,
				PP00000000000000000000A5 /* Frameworks */,
				PP00000000000000000000A6 /* Resources */,
			);
			buildRules = (
			);
			dependencies = (
			);
			fileSystemSynchronizedGroups = (
				PP00000000000000000000A3 /* PhysicsWallpaperExtension */,
			);
			name = PhysicsWallpaperExtension;
			productName = PhysicsWallpaperExtension;
			productReference = PP00000000000000000000A1 /* PhysicsWallpaperExtension.appex */;
			productType = "com.apple.product-type.app-extension";
		};
/* End PBXNativeTarget section */

/* Begin PBXProject section */
		6F09B7952DEB694B00CDE89C /* Project object */ = {
			isa = PBXProject;
			attributes = {
				BuildIndependentTargetsInParallel = 1;
				LastSwiftUpdateCheck = 1620;
				LastUpgradeCheck = 1620;
				TargetAttributes = {
					6F09B79C2DEB694B00CDE89C = {
						CreatedOnToolsVersion = 16.2;
					};
					PP00000000000000000000A2 = {
						CreatedOnToolsVersion = 16.2;
					};
				};
			};
			buildConfigurationList = 6F09B7982DEB694B00CDE89C /* Build configuration list for PBXProject "Pocket Poster" */;
			developmentRegion = en;
			hasScannedForEncodings = 0;
			knownRegions = (
				en,
				Base,
			);
			mainGroup = 6F09B7942DEB694B00CDE89C;
			minimizedProjectReferenceProxies = 1;
			packageReferences = (
				6F09B7B92DEB873F00CDE89C /* XCRemoteSwiftPackageReference "ZIPFoundation" */,
				6F09BA312E00808300CDE89C /* XCRemoteSwiftPackageReference "Dynamic" */,
				6FB105532E26D3EC00185A5C /* XCRemoteSwiftPackageReference "swiftui-cached-async-image" */,
			);
			preferredProjectObjectVersion = 77;
			productRefGroup = 6F09B79E2DEB694B00CDE89C /* Products */;
			projectDirPath = "";
			projectRoot = "";
			targets = (
				6F09B79C2DEB694B00CDE89C /* Pocket Poster */,
				PP00000000000000000000A2 /* PhysicsWallpaperExtension */,
			);
		};
/* End PBXProject section */

/* Begin PBXResourcesBuildPhase section */
		6F09B79B2DEB694B00CDE89C /* Resources */ = {
			isa = PBXResourcesBuildPhase;
			buildActionMask = 2147483647;
			files = (
			);
			runOnlyForDeploymentPostprocessing = 0;
		};
/* End PBXResourcesBuildPhase section */

/* Begin PBXSourcesBuildPhase section */
		6F09B7992DEB694B00CDE89C /* Sources */ = {
			isa = PBXSourcesBuildPhase;
			buildActionMask = 2147483647;
			files = (
			);
			runOnlyForDeploymentPostprocessing = 0;
		};
/* End PBXSourcesBuildPhase section */

/* Begin PBXTargetDependency section */
		PP00000000000000000000AC /* PBXTargetDependency */ = {
			isa = PBXTargetDependency;
			target = PP00000000000000000000A2 /* PhysicsWallpaperExtension */;
			targetProxy = PP00000000000000000000AD /* PBXContainerItemProxy */;
		};
/* End PBXTargetDependency section */

/* Begin XCBuildConfiguration section */
		6F09B7A92DEB694D00CDE89C /* Debug */ = {
			isa = XCBuildConfiguration;
			buildSettings = {
				ALWAYS_SEARCH_USER_PATHS = NO;
				ASSETCATALOG_COMPILER_GENERATE_SWIFT_ASSET_SYMBOL_EXTENSIONS = YES;
				CLANG_ANALYZER_NONNULL = YES;
				CLANG_ANALYZER_NUMBER_OBJECT_CONVERSION = YES_AGGRESSIVE;
				CLANG_CXX_LANGUAGE_STANDARD = "gnu++20";
				CLANG_ENABLE_MODULES = YES;
				CLANG_ENABLE_OBJC_ARC = YES;
				CLANG_ENABLE_OBJC_WEAK = YES;
				CLANG_WARN_BLOCK_CAPTURE_AUTORELEASING = YES;
				CLANG_WARN_BOOL_CONVERSION = YES;
				CLANG_WARN_COMMA = YES;
				CLANG_WARN_CONSTANT_CONVERSION = YES;
				CLANG_WARN_DEPRECATED_OBJC_IMPLEMENTATIONS = YES;
				CLANG_WARN_DIRECT_OBJC_ISA_USAGE = YES_ERROR;
				CLANG_WARN_DOCUMENTATION_COMMENTS = YES;
				CLANG_WARN_EMPTY_BODY = YES;
				CLANG_WARN_ENUM_CONVERSION = YES;
				CLANG_WARN_INFINITE_RECURSION = YES;
				CLANG_WARN_INT_CONVERSION = YES;
				CLANG_WARN_NON_LITERAL_NULL_CONVERSION = YES;
				CLANG_WARN_OBJC_IMPLICIT_RETAIN_SELF = YES;
				CLANG_WARN_OBJC_LITERAL_CONVERSION = YES;
				CLANG_WARN_OBJC_ROOT_CLASS = YES_ERROR;
				CLANG_WARN_QUOTED_INCLUDE_IN_FRAMEWORK_HEADER = YES;
				CLANG_WARN_RANGE_LOOP_ANALYSIS = YES;
				CLANG_WARN_STRICT_PROTOTYPES = YES;
				CLANG_WARN_SUSPICIOUS_MOVE = YES;
				CLANG_WARN_UNGUARDED_AVAILABILITY = YES_AGGRESSIVE;
				CLANG_WARN_UNREACHABLE_CODE = YES;
				CLANG_WARN__DUPLICATE_METHOD_MATCH = YES;
				COPY_PHASE_STRIP = NO;
				DEBUG_INFORMATION_FORMAT = dwarf;
				ENABLE_STRICT_OBJC_MSGSEND = YES;
				ENABLE_TESTABILITY = YES;
				ENABLE_USER_SCRIPT_SANDBOXING = YES;
				GCC_C_LANGUAGE_STANDARD = gnu17;
				GCC_DYNAMIC_NO_PIC = NO;
				GCC_NO_COMMON_BLOCKS = YES;
				GCC_OPTIMIZATION_LEVEL = 0;
				GCC_PREPROCESSOR_DEFINITIONS = (
					"DEBUG=1",
					"$(inherited)",
				);
				GCC_WARN_64_TO_32_BIT_CONVERSION = YES;
				GCC_WARN_ABOUT_RETURN_TYPE = YES_ERROR;
				GCC_WARN_UNDECLARED_SELECTOR = YES;
				GCC_WARN_UNINITIALIZED_AUTOS = YES_AGGRESSIVE;
				GCC_WARN_UNUSED_FUNCTION = YES;
				GCC_WARN_UNUSED_VARIABLE = YES;
				INFOPLIST_KEY_LSSupportsOpeningDocumentsInPlace = YES;
				IPHONEOS_DEPLOYMENT_TARGET = 18.2;
				LOCALIZATION_PREFERS_STRING_CATALOGS = YES;
				MTL_ENABLE_DEBUG_INFO = INCLUDE_SOURCE;
				MTL_FAST_MATH = YES;
				ONLY_ACTIVE_ARCH = YES;
				SDKROOT = iphoneos;
				SWIFT_ACTIVE_COMPILATION_CONDITIONS = "DEBUG $(inherited)";
				SWIFT_OPTIMIZATION_LEVEL = "-Onone";
			};
			name = Debug;
		};
		6F09B7AA2DEB694D00CDE89C /* Release */ = {
			isa = XCBuildConfiguration;
			buildSettings = {
				ALWAYS_SEARCH_USER_PATHS = NO;
				ASSETCATALOG_COMPILER_GENERATE_SWIFT_ASSET_SYMBOL_EXTENSIONS = YES;
				CLANG_ANALYZER_NONNULL = YES;
				CLANG_ANALYZER_NUMBER_OBJECT_CONVERSION = YES_AGGRESSIVE;
				CLANG_CXX_LANGUAGE_STANDARD = "gnu++20";
				CLANG_ENABLE_MODULES = YES;
				CLANG_ENABLE_OBJC_ARC = YES;
				CLANG_ENABLE_OBJC_WEAK = YES;
				CLANG_WARN_BLOCK_CAPTURE_AUTORELEASING = YES;
				CLANG_WARN_BOOL_CONVERSION = YES;
				CLANG_WARN_COMMA = YES;
				CLANG_WARN_CONSTANT_CONVERSION = YES;
				CLANG_WARN_DEPRECATED_OBJC_IMPLEMENTATIONS = YES;
				CLANG_WARN_DIRECT_OBJC_ISA_USAGE = YES_ERROR;
				CLANG_WARN_DOCUMENTATION_COMMENTS = YES;
				CLANG_WARN_EMPTY_BODY = YES;
				CLANG_WARN_ENUM_CONVERSION = YES;
				CLANG_WARN_INFINITE_RECURSION = YES;
				CLANG_WARN_INT_CONVERSION = YES;
				CLANG_WARN_NON_LITERAL_NULL_CONVERSION = YES;
				CLANG_WARN_OBJC_IMPLICIT_RETAIN_SELF = YES;
				CLANG_WARN_OBJC_LITERAL_CONVERSION = YES;
				CLANG_WARN_OBJC_ROOT_CLASS = YES_ERROR;
				CLANG_WARN_QUOTED_INCLUDE_IN_FRAMEWORK_HEADER = YES;
				CLANG_WARN_RANGE_LOOP_ANALYSIS = YES;
				CLANG_WARN_STRICT_PROTOTYPES = YES;
				CLANG_WARN_SUSPICIOUS_MOVE = YES;
				CLANG_WARN_UNGUARDED_AVAILABILITY = YES_AGGRESSIVE;
				CLANG_WARN_UNREACHABLE_CODE = YES;
				CLANG_WARN__DUPLICATE_METHOD_MATCH = YES;
				COPY_PHASE_STRIP = NO;
				DEBUG_INFORMATION_FORMAT = "dwarf-with-dsym";
				ENABLE_NS_ASSERTIONS = NO;
				ENABLE_STRICT_OBJC_MSGSEND = YES;
				ENABLE_USER_SCRIPT_SANDBOXING = YES;
				GCC_C_LANGUAGE_STANDARD = gnu17;
				GCC_NO_COMMON_BLOCKS = YES;
				GCC_WARN_64_TO_32_BIT_CONVERSION = YES;
				GCC_WARN_ABOUT_RETURN_TYPE = YES_ERROR;
				GCC_WARN_UNDECLARED_SELECTOR = YES;
				GCC_WARN_UNINITIALIZED_AUTOS = YES_AGGRESSIVE;
				GCC_WARN_UNUSED_FUNCTION = YES;
				GCC_WARN_UNUSED_VARIABLE = YES;
				INFOPLIST_KEY_LSSupportsOpeningDocumentsInPlace = YES;
				IPHONEOS_DEPLOYMENT_TARGET = 18.2;
				LOCALIZATION_PREFERS_STRING_CATALOGS = YES;
				MTL_ENABLE_DEBUG_INFO = NO;
				MTL_FAST_MATH = YES;
				SDKROOT = iphoneos;
				SWIFT_COMPILATION_MODE = wholemodule;
				VALIDATE_PRODUCT = YES;
			};
			name = Release;
		};
		6F09B7AC2DEB694D00CDE89C /* Debug */ = {
			isa = XCBuildConfiguration;
			buildSettings = {
				ASSETCATALOG_COMPILER_APPICON_NAME = AppIcon;
				ASSETCATALOG_COMPILER_GLOBAL_ACCENT_COLOR_NAME = AccentColor;
				CODE_SIGN_STYLE = Automatic;
				CURRENT_PROJECT_VERSION = 3;
				DEVELOPMENT_ASSET_PATHS = "\"Pocket Poster/Preview Content\"";
				DEVELOPMENT_TEAM = 2P4CP47H76;
				ENABLE_PREVIEWS = YES;
				GENERATE_INFOPLIST_FILE = YES;
				HEADER_SEARCH_PATHS = (
					"$(inherited)",
					"\"$(SRCROOT)/Pocket Poster/Exploit\"",
				);
				INFOPLIST_FILE = "Pocket-Poster-Info.plist";
				INFOPLIST_KEY_LSSupportsOpeningDocumentsInPlace = YES;
				INFOPLIST_KEY_UIApplicationSceneManifest_Generation = YES;
				INFOPLIST_KEY_UIApplicationSupportsIndirectInputEvents = YES;
				INFOPLIST_KEY_UILaunchScreen_Generation = YES;
				INFOPLIST_KEY_UISupportedInterfaceOrientations = "UIInterfaceOrientationLandscapeLeft UIInterfaceOrientationLandscapeRight UIInterfaceOrientationPortrait";
				INFOPLIST_KEY_UISupportedInterfaceOrientations_iPad = "UIInterfaceOrientationLandscapeLeft UIInterfaceOrientationLandscapeRight UIInterfaceOrientationPortrait UIInterfaceOrientationPortraitUpsideDown";
				IPHONEOS_DEPLOYMENT_TARGET = 16.0;
				LD_RUNPATH_SEARCH_PATHS = (
					"$(inherited)",
					"@executable_path/Frameworks",
				);
				MARKETING_VERSION = 3.2.2;
				PRODUCT_BUNDLE_IDENTIFIER = "com.mak5er.Pocket-Poster";
				PRODUCT_NAME = "$(TARGET_NAME)";
				SWIFT_EMIT_LOC_STRINGS = YES;
				SWIFT_OBJC_BRIDGING_HEADER = "Pocket Poster/Exploit/Pocket-Poster-Bridging-Header.h";
				SWIFT_VERSION = 5.0;
				TARGETED_DEVICE_FAMILY = "1,2";
			};
			name = Debug;
		};
		6F09B7AD2DEB694D00CDE89C /* Release */ = {
			isa = XCBuildConfiguration;
			buildSettings = {
				ASSETCATALOG_COMPILER_APPICON_NAME = AppIcon;
				ASSETCATALOG_COMPILER_GLOBAL_ACCENT_COLOR_NAME = AccentColor;
				CODE_SIGN_STYLE = Automatic;
				CURRENT_PROJECT_VERSION = 3;
				DEVELOPMENT_ASSET_PATHS = "\"Pocket Poster/Preview Content\"";
				DEVELOPMENT_TEAM = 2P4CP47H76;
				ENABLE_PREVIEWS = YES;
				GENERATE_INFOPLIST_FILE = YES;
				HEADER_SEARCH_PATHS = (
					"$(inherited)",
					"\"$(SRCROOT)/Pocket Poster/Exploit\"",
				);
				INFOPLIST_FILE = "Pocket-Poster-Info.plist";
				INFOPLIST_KEY_LSSupportsOpeningDocumentsInPlace = YES;
				INFOPLIST_KEY_UIApplicationSceneManifest_Generation = YES;
				INFOPLIST_KEY_UIApplicationSupportsIndirectInputEvents = YES;
				INFOPLIST_KEY_UILaunchScreen_Generation = YES;
				INFOPLIST_KEY_UISupportedInterfaceOrientations = "UIInterfaceOrientationLandscapeLeft UIInterfaceOrientationLandscapeRight UIInterfaceOrientationPortrait";
				INFOPLIST_KEY_UISupportedInterfaceOrientations_iPad = "UIInterfaceOrientationLandscapeLeft UIInterfaceOrientationLandscapeRight UIInterfaceOrientationPortrait UIInterfaceOrientationPortraitUpsideDown";
				IPHONEOS_DEPLOYMENT_TARGET = 16.0;
				LD_RUNPATH_SEARCH_PATHS = (
					"$(inherited)",
					"@executable_path/Frameworks",
				);
				MARKETING_VERSION = 3.2.2;
				PRODUCT_BUNDLE_IDENTIFIER = "com.mak5er.Pocket-Poster";
				PRODUCT_NAME = "$(TARGET_NAME)";
				SWIFT_EMIT_LOC_STRINGS = YES;
				SWIFT_OBJC_BRIDGING_HEADER = "Pocket Poster/Exploit/Pocket-Poster-Bridging-Header.h";
				SWIFT_VERSION = 5.0;
				TARGETED_DEVICE_FAMILY = "1,2";
			};
			name = Release;
		};

		PP00000000000000000000A7 /* Debug */ = {
			isa = XCBuildConfiguration;
			buildSettings = {
				CODE_SIGN_IDENTITY = "";
				CODE_SIGNING_ALLOWED = NO;
				CODE_SIGNING_REQUIRED = NO;
				INFOPLIST_FILE = "PhysicsWallpaperExtension-Info.plist";
				IPHONEOS_DEPLOYMENT_TARGET = 26.0;
				LD_RUNPATH_SEARCH_PATHS = ("$(inherited)", "@executable_path/Frameworks", "@executable_path/../../Frameworks");
				PRODUCT_BUNDLE_IDENTIFIER = "com.mak5er.pocketposter.PhysicsWallpaperExtension";
				PRODUCT_MODULE_NAME = PhysicsWallpaperExtension;
				PRODUCT_NAME = "$(TARGET_NAME)";
				SDKROOT = iphoneos;
				SKIP_INSTALL = YES;
				SWIFT_VERSION = 5.0;
				TARGETED_DEVICE_FAMILY = "1,2";
			};
			name = Debug;
		};
		PP00000000000000000000A8 /* Release */ = {
			isa = XCBuildConfiguration;
			buildSettings = {
				CODE_SIGN_IDENTITY = "";
				CODE_SIGNING_ALLOWED = NO;
				CODE_SIGNING_REQUIRED = NO;
				INFOPLIST_FILE = "PhysicsWallpaperExtension-Info.plist";
				IPHONEOS_DEPLOYMENT_TARGET = 26.0;
				LD_RUNPATH_SEARCH_PATHS = ("$(inherited)", "@executable_path/Frameworks", "@executable_path/../../Frameworks");
				PRODUCT_BUNDLE_IDENTIFIER = "com.mak5er.pocketposter.PhysicsWallpaperExtension";
				PRODUCT_MODULE_NAME = PhysicsWallpaperExtension;
				PRODUCT_NAME = "$(TARGET_NAME)";
				SDKROOT = iphoneos;
				SKIP_INSTALL = YES;
				SWIFT_VERSION = 5.0;
				TARGETED_DEVICE_FAMILY = "1,2";
			};
			name = Release;
		};
/* End XCBuildConfiguration section */

/* Begin XCConfigurationList section */
		6F09B7982DEB694B00CDE89C /* Build configuration list for PBXProject "Pocket Poster" */ = {
			isa = XCConfigurationList;
			buildConfigurations = (
				6F09B7A92DEB694D00CDE89C /* Debug */,
				6F09B7AA2DEB694D00CDE89C /* Release */,
			);
			defaultConfigurationIsVisible = 0;
			defaultConfigurationName = Release;
		};
		6F09B7AB2DEB694D00CDE89C /* Build configuration list for PBXNativeTarget "Pocket Poster" */ = {
			isa = XCConfigurationList;
			buildConfigurations = (
				6F09B7AC2DEB694D00CDE89C /* Debug */,
				6F09B7AD2DEB694D00CDE89C /* Release */,
			);
			defaultConfigurationIsVisible = 0;
			defaultConfigurationName = Release;
		};

		PP00000000000000000000A9 /* Build configuration list for PBXNativeTarget "PhysicsWallpaperExtension" */ = {
			isa = XCConfigurationList;
			buildConfigurations = (
				PP00000000000000000000A7 /* Debug */,
				PP00000000000000000000A8 /* Release */,
			);
			defaultConfigurationIsVisible = 0;
			defaultConfigurationName = Release;
		};
/* End XCConfigurationList section */

/* Begin XCRemoteSwiftPackageReference section */
		6F09B7B92DEB873F00CDE89C /* XCRemoteSwiftPackageReference "ZIPFoundation" */ = {
			isa = XCRemoteSwiftPackageReference;
			repositoryURL = "https://github.com/weichsel/ZIPFoundation";
			requirement = {
				kind = upToNextMajorVersion;
				minimumVersion = 0.9.19;
			};
		};
		6F09BA312E00808300CDE89C /* XCRemoteSwiftPackageReference "Dynamic" */ = {
			isa = XCRemoteSwiftPackageReference;
			repositoryURL = "https://github.com/mhdhejazi/Dynamic";
			requirement = {
				kind = upToNextMajorVersion;
				minimumVersion = 1.2.0;
			};
		};
		6FB105532E26D3EC00185A5C /* XCRemoteSwiftPackageReference "swiftui-cached-async-image" */ = {
			isa = XCRemoteSwiftPackageReference;
			repositoryURL = "https://github.com/lorenzofiamingo/swiftui-cached-async-image";
			requirement = {
				kind = upToNextMajorVersion;
				minimumVersion = 2.1.1;
			};
		};
/* End XCRemoteSwiftPackageReference section */

/* Begin XCSwiftPackageProductDependency section */
		6F09B7BA2DEB873F00CDE89C /* ZIPFoundation */ = {
			isa = XCSwiftPackageProductDependency;
			package = 6F09B7B92DEB873F00CDE89C /* XCRemoteSwiftPackageReference "ZIPFoundation" */;
			productName = ZIPFoundation;
		};
		6F09BA322E00808300CDE89C /* Dynamic */ = {
			isa = XCSwiftPackageProductDependency;
			package = 6F09BA312E00808300CDE89C /* XCRemoteSwiftPackageReference "Dynamic" */;
			productName = Dynamic;
		};
		6FB105542E26D3EC00185A5C /* CachedAsyncImage */ = {
			isa = XCSwiftPackageProductDependency;
			package = 6FB105532E26D3EC00185A5C /* XCRemoteSwiftPackageReference "swiftui-cached-async-image" */;
			productName = CachedAsyncImage;
		};
/* End XCSwiftPackageProductDependency section */
	};
	rootObject = 6F09B7952DEB694B00CDE89C /* Project object */;
}
